<?xml version="1.0" encoding="UTF-8"?>
<!DOCTYPE plist PUBLIC "-//Apple//DTD PLIST 1.0//EN" "http://www.apple.com/DTDs/PropertyList-1.0.dtd">
<plist version="1.0">
<dict>
	<key>archiveVersion</key>
	<string>1</string>
	<key>classes</key>
	<dict/>
	<key>objectVersion</key>
	<string>46</string>
	<key>objects</key>
	<dict>
		<key>080E96DDFE201D6D7F000001</key>
		<dict>
			<key>children</key>
			<array>
				<string>36F7BA311CD7F44300312A24</string>
				<string>4AFC08040DC148ED003666A7</string>
				<string>4AFC08030DC148ED003666A7</string>
			</array>
			<key>isa</key>
			<string>PBXGroup</string>
			<key>name</key>
			<string>Source</string>
			<key>path</key>
			<string>Source</string>
			<key>sourceTree</key>
			<string>&lt;group&gt;</string>
		</dict>
		<key>19C28FACFE9D520D11CA2CBB</key>
		<dict>
			<key>children</key>
			<array>
				<string>1D6058910D05DD3D006BFB54</string>
				<string>BF4B93310F8ABE3600E4CD44</string>
			</array>
			<key>isa</key>
			<string>PBXGroup</string>
			<key>name</key>
			<string>Products</string>
			<key>sourceTree</key>
			<string>&lt;group&gt;</string>
		</dict>
		<key>1D60588D0D05DD3D006BFB54</key>
		<dict>
			<key>buildActionMask</key>
			<string>2147483647</string>
			<key>files</key>
			<array>
				<string>309905A10DF6082100331083</string>
				<string>36EB04401A15497900C5E6B9</string>
				<string>BF4B933E0F8ABF1B00E4CD44</string>
				<string>BF063AFF11CC031A009EDACA</string>
				<string>BF0CAFA011E66FB300FBB82B</string>
				<string>BF0CAFA111E66FB300FBB82B</string>
				<string>BF0CAFA211E66FB300FBB82B</string>
				<string>BF0CAFA311E66FB300FBB82B</string>
				<string>BF0CAFA411E66FB300FBB82B</string>
				<string>36B211B01A1A52A600BA7D43</string>
				<string>BF0CAFA511E66FB300FBB82B</string>
				<string>BF0CAFA611E66FB300FBB82B</string>
			</array>
			<key>isa</key>
			<string>PBXResourcesBuildPhase</string>
			<key>runOnlyForDeploymentPostprocessing</key>
			<string>0</string>
		</dict>
		<key>1D60588E0D05DD3D006BFB54</key>
		<dict>
			<key>buildActionMask</key>
			<string>2147483647</string>
			<key>files</key>
			<array>
				<string>1D60589B0D05DD56006BFB54</string>
				<string>4AFC08090DC148ED003666A7</string>
				<string>4AFC080A0DC148ED003666A7</string>
				<string>4A33F3AA0DC14C5E00DB5950</string>
				<string>3076250C0DCF9C26000C2DC4</string>
			</array>
			<key>isa</key>
			<string>PBXSourcesBuildPhase</string>
			<key>runOnlyForDeploymentPostprocessing</key>
			<string>0</string>
		</dict>
		<key>1D60588F0D05DD3D006BFB54</key>
		<dict>
			<key>buildActionMask</key>
			<string>2147483647</string>
			<key>files</key>
			<array/>
			<key>isa</key>
			<string>PBXFrameworksBuildPhase</string>
			<key>runOnlyForDeploymentPostprocessing</key>
			<string>0</string>
		</dict>
		<key>1D6058900D05DD3D006BFB54</key>
		<dict>
			<key>buildConfigurationList</key>
			<string>1D6058960D05DD3E006BFB54</string>
			<key>buildPhases</key>
			<array>
				<string>1D60588D0D05DD3D006BFB54</string>
				<string>1D60588E0D05DD3D006BFB54</string>
				<string>1D60588F0D05DD3D006BFB54</string>
				<string>4AAA61280DC8EAC100820955</string>
			</array>
			<key>buildRules</key>
			<array/>
			<key>dependencies</key>
			<array/>
			<key>isa</key>
			<string>PBXNativeTarget</string>
			<key>name</key>
			<string>GenericKeychain</string>
			<key>productName</key>
			<string>GenericKeychain</string>
			<key>productReference</key>
			<string>1D6058910D05DD3D006BFB54</string>
			<key>productType</key>
			<string>com.apple.product-type.application</string>
		</dict>
		<key>1D6058910D05DD3D006BFB54</key>
		<dict>
			<key>explicitFileType</key>
			<string>wrapper.application</string>
			<key>includeInIndex</key>
			<string>0</string>
			<key>isa</key>
			<string>PBXFileReference</string>
			<key>path</key>
			<string>GenericKeychain.app</string>
			<key>sourceTree</key>
			<string>BUILT_PRODUCTS_DIR</string>
		</dict>
		<key>1D6058940D05DD3E006BFB54</key>
		<dict>
			<key>buildSettings</key>
			<dict>
				<key>ASSETCATALOG_COMPILER_APPICON_NAME</key>
				<string>AppIcon</string>
				<key>ASSETCATALOG_COMPILER_LAUNCHIMAGE_NAME</key>
				<string>LaunchImage</string>
				<key>CLANG_ENABLE_OBJC_ARC</key>
				<string>YES</string>
				<key>CODE_SIGN_ENTITLEMENTS</key>
				<string>KeychainAccessGroups.plist</string>
				<key>COPY_PHASE_STRIP</key>
				<string>NO</string>
				<key>GCC_DYNAMIC_NO_PIC</key>
				<string>NO</string>
				<key>GCC_OPTIMIZATION_LEVEL</key>
				<string>0</string>
				<key>GCC_PRECOMPILE_PREFIX_HEADER</key>
				<string>YES</string>
				<key>GCC_PREFIX_HEADER</key>
				<string>SupportFiles/GenericKeychain_Prefix.pch</string>
				<key>INFOPLIST_FILE</key>
				<string>SupportFiles/Info.plist</string>
				<key>IPHONEOS_DEPLOYMENT_TARGET</key>
				<string>8.1</string>
				<key>PRODUCT_BUNDLE_IDENTIFIER</key>
				<string>com.yourcompany.${PRODUCT_NAME:identifier}</string>
				<key>PRODUCT_NAME</key>
				<string>GenericKeychain</string>
			</dict>
			<key>isa</key>
			<string>XCBuildConfiguration</string>
			<key>name</key>
			<string>Debug</string>
		</dict>
		<key>1D6058950D05DD3E006BFB54</key>
		<dict>
			<key>buildSettings</key>
			<dict>
				<key>ASSETCATALOG_COMPILER_APPICON_NAME</key>
				<string>AppIcon</string>
				<key>ASSETCATALOG_COMPILER_LAUNCHIMAGE_NAME</key>
				<string>LaunchImage</string>
				<key>CLANG_ENABLE_OBJC_ARC</key>
				<string>YES</string>
				<key>CODE_SIGN_ENTITLEMENTS</key>
				<string>KeychainAccessGroups.plist</string>
				<key>COPY_PHASE_STRIP</key>
				<string>YES</string>
				<key>GCC_PRECOMPILE_PREFIX_HEADER</key>
				<string>YES</string>
				<key>GCC_PREFIX_HEADER</key>
				<string>SupportFiles/GenericKeychain_Prefix.pch</string>
				<key>INFOPLIST_FILE</key>
				<string>SupportFiles/Info.plist</string>
				<key>IPHONEOS_DEPLOYMENT_TARGET</key>
				<string>8.1</string>
				<key>PRODUCT_BUNDLE_IDENTIFIER</key>
				<string>com.yourcompany.${PRODUCT_NAME:identifier}</string>
				<key>PRODUCT_NAME</key>
				<string>GenericKeychain</string>
			</dict>
			<key>isa</key>
			<string>XCBuildConfiguration</string>
			<key>name</key>
			<string>Release</string>
		</dict>
		<key>1D6058960D05DD3E006BFB54</key>
		<dict>
			<key>buildConfigurations</key>
			<array>
				<string>1D6058940D05DD3E006BFB54</string>
				<string>1D6058950D05DD3E006BFB54</string>
			</array>
			<key>defaultConfigurationIsVisible</key>
			<string>0</string>
			<key>defaultConfigurationName</key>
			<string>Release</string>
			<key>isa</key>
			<string>XCConfigurationList</string>
		</dict>
		<key>1D60589B0D05DD56006BFB54</key>
		<dict>
			<key>fileRef</key>
			<string>29B97316FDCFA39411CA2CEA</string>
			<key>isa</key>
			<string>PBXBuildFile</string>
		</dict>
		<key>29B97313FDCFA39411CA2CEA</key>
		<dict>
			<key>attributes</key>
			<dict>
				<key>LastUpgradeCheck</key>
				<string>0730</string>
			</dict>
			<key>buildConfigurationList</key>
			<string>C01FCF4E08A954540054247B</string>
			<key>compatibilityVersion</key>
			<string>Xcode 3.2</string>
			<key>developmentRegion</key>
			<string>English</string>
			<key>hasScannedForEncodings</key>
			<string>1</string>
			<key>isa</key>
			<string>PBXProject</string>
			<key>knownRegions</key>
			<array>
				<string>English</string>
				<string>Japanese</string>
				<string>French</string>
				<string>German</string>
				<string>en</string>
			</array>
			<key>mainGroup</key>
			<string>29B97314FDCFA39411CA2CEA</string>
			<key>projectDirPath</key>
			<string></string>
			<key>projectReferences</key>
			<array/>
			<key>projectRoot</key>
			<string></string>
			<key>targets</key>
			<array>
				<string>1D6058900D05DD3D006BFB54</string>
				<string>BF4B931C0F8ABE3600E4CD44</string>
			</array>
		</dict>
		<key>29B97314FDCFA39411CA2CEA</key>
		<dict>
			<key>children</key>
			<array>
				<string>36F7BA321CD7F44F00312A24</string>
				<string>19C28FACFE9D520D11CA2CBB</string>
				<string>29B97317FDCFA39411CA2CEA</string>
				<string>080E96DDFE201D6D7F000001</string>
				<string>29B97315FDCFA39411CA2CEA</string>
			</array>
			<key>isa</key>
			<string>PBXGroup</string>
			<key>name</key>
			<string>CustomTemplate</string>
			<key>sourceTree</key>
			<string>&lt;group&gt;</string>
		</dict>
		<key>29B97315FDCFA39411CA2CEA</key>
		<dict>
			<key>children</key>
			<array>
				<string>32CA4F630368D1EE00C91783</string>
				<string>8D1107310486CEB800E47090</string>
				<string>BF4B93640F8AC0D900E4CD44</string>
				<string>29B97316FDCFA39411CA2CEA</string>
			</array>
			<key>isa</key>
			<string>PBXGroup</string>
			<key>name</key>
			<string>SupportFiles</string>
			<key>path</key>
			<string>SupportFiles</string>
			<key>sourceTree</key>
			<string>&lt;group&gt;</string>
		</dict>
		<key>29B97316FDCFA39411CA2CEA</key>
		<dict>
			<key>fileEncoding</key>
			<string>4</string>
			<key>isa</key>
			<string>PBXFileReference</string>
			<key>lastKnownFileType</key>
			<string>sourcecode.c.objc</string>
			<key>path</key>
			<string>main.m</string>
			<key>sourceTree</key>
			<string>&lt;group&gt;</string>
		</dict>
		<key>29B97317FDCFA39411CA2CEA</key>
		<dict>
			<key>children</key>
			<array>
				<string>BF0CAF9811E66FB300FBB82B</string>
				<string>36EB043F1A15497900C5E6B9</string>
				<string>BF063AFE11CC031A009EDACA</string>
				<string>BF063B0711CC0518009EDACA</string>
				<string>36B211AF1A1A52A600BA7D43</string>
				<string>BFC6BB2F0F8A8D3A00710EDC</string>
				<string>BF4B93380F8ABEB300E4CD44</string>
				<string>BF4B933B0F8ABF1500E4CD44</string>
				<string>3099059F0DF6082100331083</string>
				<string>BF4B93500F8ABFA900E4CD44</string>
			</array>
			<key>isa</key>
			<string>PBXGroup</string>
			<key>name</key>
			<string>Resources</string>
			<key>path</key>
			<string>Resources</string>
			<key>sourceTree</key>
			<string>&lt;group&gt;</string>
		</dict>
		<key>3076250A0DCF9C26000C2DC4</key>
		<dict>
			<key>fileEncoding</key>
			<string>4</string>
			<key>isa</key>
			<string>PBXFileReference</string>
			<key>lastKnownFileType</key>
			<string>sourcecode.c.h</string>
			<key>path</key>
			<string>EditorController.h</string>
			<key>sourceTree</key>
			<string>&lt;group&gt;</string>
		</dict>
		<key>3076250B0DCF9C26000C2DC4</key>
		<dict>
			<key>fileEncoding</key>
			<string>4</string>
			<key>isa</key>
			<string>PBXFileReference</string>
			<key>lastKnownFileType</key>
			<string>sourcecode.c.objc</string>
			<key>path</key>
			<string>EditorController.m</string>
			<key>sourceTree</key>
			<string>&lt;group&gt;</string>
		</dict>
		<key>3076250C0DCF9C26000C2DC4</key>
		<dict>
			<key>fileRef</key>
			<string>3076250B0DCF9C26000C2DC4</string>
			<key>isa</key>
			<string>PBXBuildFile</string>
		</dict>
		<key>3099059F0DF6082100331083</key>
		<dict>
			<key>children</key>
			<array>
				<string>309905A00DF6082100331083</string>
			</array>
			<key>isa</key>
			<string>PBXVariantGroup</string>
			<key>name</key>
			<string>MainWindow.xib</string>
			<key>path</key>
			<string>.</string>
			<key>sourceTree</key>
			<string>&lt;group&gt;</string>
		</dict>
		<key>309905A00DF6082100331083</key>
		<dict>
			<key>isa</key>
			<string>PBXFileReference</string>
			<key>lastKnownFileType</key>
			<string>file.xib</string>
			<key>name</key>
			<string>en</string>
			<key>path</key>
			<string>en.lproj/MainWindow.xib</string>
			<key>sourceTree</key>
			<string>&lt;group&gt;</string>
		</dict>
		<key>309905A10DF6082100331083</key>
		<dict>
			<key>fileRef</key>
			<string>3099059F0DF6082100331083</string>
			<key>isa</key>
			<string>PBXBuildFile</string>
		</dict>
		<key>32CA4F630368D1EE00C91783</key>
		<dict>
			<key>fileEncoding</key>
			<string>4</string>
			<key>isa</key>
			<string>PBXFileReference</string>
			<key>lastKnownFileType</key>
			<string>sourcecode.c.h</string>
			<key>path</key>
			<string>GenericKeychain_Prefix.pch</string>
			<key>sourceTree</key>
			<string>&lt;group&gt;</string>
		</dict>
		<key>36B211AF1A1A52A600BA7D43</key>
		<dict>
			<key>isa</key>
			<string>PBXFileReference</string>
			<key>lastKnownFileType</key>
			<string>folder.assetcatalog</string>
			<key>name</key>
			<string>Images.xcassets</string>
			<key>path</key>
			<string>Images.xcassets</string>
			<key>sourceTree</key>
			<string>&lt;group&gt;</string>
		</dict>
		<key>36B211B01A1A52A600BA7D43</key>
		<dict>
			<key>fileRef</key>
			<string>36B211AF1A1A52A600BA7D43</string>
			<key>isa</key>
			<string>PBXBuildFile</string>
		</dict>
		<key>36EB043F1A15497900C5E6B9</key>
		<dict>
			<key>isa</key>
			<string>PBXFileReference</string>
			<key>lastKnownFileType</key>
			<string>image.png</string>
			<key>path</key>
			<string>Default-568h@2x.png</string>
			<key>sourceTree</key>
			<string>&lt;group&gt;</string>
		</dict>
		<key>36EB04401A15497900C5E6B9</key>
		<dict>
			<key>fileRef</key>
			<string>36EB043F1A15497900C5E6B9</string>
			<key>isa</key>
			<string>PBXBuildFile</string>
		</dict>
		<key>36F7BA311CD7F44300312A24</key>
		<dict>
			<key>children</key>
			<array>
				<string>4AFC08020DC148ED003666A7</string>
				<string>4AFC08010DC148ED003666A7</string>
				<string>3076250A0DCF9C26000C2DC4</string>
				<string>3076250B0DCF9C26000C2DC4</string>
			</array>
			<key>isa</key>
			<string>PBXGroup</string>
			<key>name</key>
			<string>Controllers</string>
			<key>path</key>
			<string>Controllers</string>
			<key>sourceTree</key>
			<string>&lt;group&gt;</string>
		</dict>
		<key>36F7BA321CD7F44F00312A24</key>
		<dict>
			<key>children</key>
			<array>
				<string>4A33F3A80DC14C5E00DB5950</string>
				<string>4A33F3A90DC14C5E00DB5950</string>
			</array>
			<key>isa</key>
			<string>PBXGroup</string>
			<key>name</key>
			<string>Library</string>
			<key>path</key>
			<string>Library</string>
			<key>sourceTree</key>
			<string>&lt;group&gt;</string>
		</dict>
		<key>4A33F3A80DC14C5E00DB5950</key>
		<dict>
			<key>fileEncoding</key>
			<string>4</string>
			<key>isa</key>
			<string>PBXFileReference</string>
			<key>lastKnownFileType</key>
			<string>sourcecode.c.h</string>
			<key>name</key>
			<string>KeychainItemWrapper.h</string>
			<key>path</key>
			<string>KeychainItemWrapper.h</string>
			<key>sourceTree</key>
			<string>&lt;group&gt;</string>
		</dict>
		<key>4A33F3A90DC14C5E00DB5950</key>
		<dict>
			<key>fileEncoding</key>
			<string>4</string>
			<key>isa</key>
			<string>PBXFileReference</string>
			<key>lastKnownFileType</key>
			<string>sourcecode.c.objc</string>
			<key>name</key>
			<string>KeychainItemWrapper.m</string>
			<key>path</key>
			<string>KeychainItemWrapper.m</string>
			<key>sourceTree</key>
			<string>&lt;group&gt;</string>
		</dict>
		<key>4A33F3AA0DC14C5E00DB5950</key>
		<dict>
			<key>fileRef</key>
			<string>4A33F3A90DC14C5E00DB5950</string>
			<key>isa</key>
			<string>PBXBuildFile</string>
		</dict>
		<key>4AAA61280DC8EAC100820955</key>
		<dict>
			<key>buildActionMask</key>
			<string>2147483647</string>
			<key>files</key>
			<array/>
			<key>inputPaths</key>
			<array/>
			<key>isa</key>
			<string>PBXShellScriptBuildPhase</string>
			<key>outputPaths</key>
			<array/>
			<key>runOnlyForDeploymentPostprocessing</key>
			<string>0</string>
			<key>shellPath</key>
			<string>/bin/sh</string>
			<key>shellScript</key>
			<string></string>
		</dict>
		<key>4AFC08010DC148ED003666A7</key>
		<dict>
			<key>fileEncoding</key>
			<string>4</string>
			<key>isa</key>
			<string>PBXFileReference</string>
			<key>lastKnownFileType</key>
			<string>sourcecode.c.objc</string>
			<key>path</key>
			<string>DetailViewController.m</string>
			<key>sourceTree</key>
			<string>&lt;group&gt;</string>
		</dict>
		<key>4AFC08020DC148ED003666A7</key>
		<dict>
			<key>fileEncoding</key>
			<string>4</string>
			<key>isa</key>
			<string>PBXFileReference</string>
			<key>lastKnownFileType</key>
			<string>sourcecode.c.h</string>
			<key>path</key>
			<string>DetailViewController.h</string>
			<key>sourceTree</key>
			<string>&lt;group&gt;</string>
		</dict>
		<key>4AFC08030DC148ED003666A7</key>
		<dict>
			<key>fileEncoding</key>
			<string>4</string>
			<key>isa</key>
			<string>PBXFileReference</string>
			<key>lastKnownFileType</key>
			<string>sourcecode.c.objc</string>
			<key>path</key>
			<string>AppDelegate.m</string>
			<key>sourceTree</key>
			<string>&lt;group&gt;</string>
		</dict>
		<key>4AFC08040DC148ED003666A7</key>
		<dict>
			<key>fileEncoding</key>
			<string>4</string>
			<key>isa</key>
			<string>PBXFileReference</string>
			<key>lastKnownFileType</key>
			<string>sourcecode.c.h</string>
			<key>path</key>
			<string>AppDelegate.h</string>
			<key>sourceTree</key>
			<string>&lt;group&gt;</string>
		</dict>
		<key>4AFC08090DC148ED003666A7</key>
		<dict>
			<key>fileRef</key>
			<string>4AFC08010DC148ED003666A7</string>
			<key>isa</key>
			<string>PBXBuildFile</string>
		</dict>
		<key>4AFC080A0DC148ED003666A7</key>
		<dict>
			<key>fileRef</key>
			<string>4AFC08030DC148ED003666A7</string>
			<key>isa</key>
			<string>PBXBuildFile</string>
		</dict>
		<key>8D1107310486CEB800E47090</key>
		<dict>
			<key>fileEncoding</key>
			<string>4</string>
			<key>isa</key>
			<string>PBXFileReference</string>
			<key>lastKnownFileType</key>
			<string>text.plist.xml</string>
			<key>path</key>
			<string>Info.plist</string>
			<key>sourceTree</key>
			<string>&lt;group&gt;</string>
		</dict>
		<key>BF063AFE11CC031A009EDACA</key>
		<dict>
			<key>isa</key>
			<string>PBXFileReference</string>
			<key>lastKnownFileType</key>
			<string>image.png</string>
			<key>path</key>
			<string>Default.png</string>
			<key>sourceTree</key>
			<string>&lt;group&gt;</string>
		</dict>
		<key>BF063AFF11CC031A009EDACA</key>
		<dict>
			<key>fileRef</key>
			<string>BF063AFE11CC031A009EDACA</string>
			<key>isa</key>
			<string>PBXBuildFile</string>
		</dict>
		<key>BF063B0711CC0518009EDACA</key>
		<dict>
			<key>isa</key>
			<string>PBXFileReference</string>
			<key>lastKnownFileType</key>
			<string>image.png</string>
			<key>path</key>
			<string>Default2.png</string>
			<key>sourceTree</key>
			<string>&lt;group&gt;</string>
		</dict>
		<key>BF063B0911CC0518009EDACA</key>
		<dict>
			<key>fileRef</key>
			<string>BF063B0711CC0518009EDACA</string>
			<key>isa</key>
			<string>PBXBuildFile</string>
		</dict>
		<key>BF0CAF9811E66FB300FBB82B</key>
		<dict>
			<key>children</key>
			<array>
				<string>BF0CAF9911E66FB300FBB82B</string>
				<string>BF0CAF9A11E66FB300FBB82B</string>
				<string>BF0CAF9B11E66FB300FBB82B</string>
				<string>BF0CAF9C11E66FB300FBB82B</string>
				<string>BF0CAF9D11E66FB300FBB82B</string>
				<string>BF0CAF9E11E66FB300FBB82B</string>
				<string>BF0CAF9F11E66FB300FBB82B</string>
			</array>
			<key>isa</key>
			<string>PBXGroup</string>
			<key>path</key>
			<string>images</string>
			<key>sourceTree</key>
			<string>&lt;group&gt;</string>
		</dict>
		<key>BF0CAF9911E66FB300FBB82B</key>
		<dict>
			<key>isa</key>
			<string>PBXFileReference</string>
			<key>lastKnownFileType</key>
			<string>image.png</string>
			<key>path</key>
			<string>Icon-72.png</string>
			<key>sourceTree</key>
			<string>&lt;group&gt;</string>
		</dict>
		<key>BF0CAF9A11E66FB300FBB82B</key>
		<dict>
			<key>isa</key>
			<string>PBXFileReference</string>
			<key>lastKnownFileType</key>
			<string>image.png</string>
			<key>path</key>
			<string>Icon-Small-50.png</string>
			<key>sourceTree</key>
			<string>&lt;group&gt;</string>
		</dict>
		<key>BF0CAF9B11E66FB300FBB82B</key>
		<dict>
			<key>isa</key>
			<string>PBXFileReference</string>
			<key>lastKnownFileType</key>
			<string>image.png</string>
			<key>path</key>
			<string>Icon-Small.png</string>
			<key>sourceTree</key>
			<string>&lt;group&gt;</string>
		</dict>
		<key>BF0CAF9C11E66FB300FBB82B</key>
		<dict>
			<key>isa</key>
			<string>PBXFileReference</string>
			<key>lastKnownFileType</key>
			<string>image.png</string>
			<key>path</key>
			<string>Icon-Small@2x.png</string>
			<key>sourceTree</key>
			<string>&lt;group&gt;</string>
		</dict>
		<key>BF0CAF9D11E66FB300FBB82B</key>
		<dict>
			<key>isa</key>
			<string>PBXFileReference</string>
			<key>lastKnownFileType</key>
			<string>image.png</string>
			<key>path</key>
			<string>Icon.png</string>
			<key>sourceTree</key>
			<string>&lt;group&gt;</string>
		</dict>
		<key>BF0CAF9E11E66FB300FBB82B</key>
		<dict>
			<key>isa</key>
			<string>PBXFileReference</string>
			<key>lastKnownFileType</key>
			<string>image.png</string>
			<key>path</key>
			<string>Icon@2x.png</string>
			<key>sourceTree</key>
			<string>&lt;group&gt;</string>
		</dict>
		<key>BF0CAF9F11E66FB300FBB82B</key>
		<dict>
			<key>isa</key>
			<string>PBXFileReference</string>
			<key>lastKnownFileType</key>
			<string>file</string>
			<key>path</key>
			<string>iTunesArtwork</string>
			<key>sourceTree</key>
			<string>&lt;group&gt;</string>
		</dict>
		<key>BF0CAFA011E66FB300FBB82B</key>
		<dict>
			<key>fileRef</key>
			<string>BF0CAF9911E66FB300FBB82B</string>
			<key>isa</key>
			<string>PBXBuildFile</string>
		</dict>
		<key>BF0CAFA111E66FB300FBB82B</key>
		<dict>
			<key>fileRef</key>
			<string>BF0CAF9A11E66FB300FBB82B</string>
			<key>isa</key>
			<string>PBXBuildFile</string>
		</dict>
		<key>BF0CAFA211E66FB300FBB82B</key>
		<dict>
			<key>fileRef</key>
			<string>BF0CAF9B11E66FB300FBB82B</string>
			<key>isa</key>
			<string>PBXBuildFile</string>
		</dict>
		<key>BF0CAFA311E66FB300FBB82B</key>
		<dict>
			<key>fileRef</key>
			<string>BF0CAF9C11E66FB300FBB82B</string>
			<key>isa</key>
			<string>PBXBuildFile</string>
		</dict>
		<key>BF0CAFA411E66FB300FBB82B</key>
		<dict>
			<key>fileRef</key>
			<string>BF0CAF9D11E66FB300FBB82B</string>
			<key>isa</key>
			<string>PBXBuildFile</string>
		</dict>
		<key>BF0CAFA511E66FB300FBB82B</key>
		<dict>
			<key>fileRef</key>
			<string>BF0CAF9E11E66FB300FBB82B</string>
			<key>isa</key>
			<string>PBXBuildFile</string>
		</dict>
		<key>BF0CAFA611E66FB300FBB82B</key>
		<dict>
			<key>fileRef</key>
			<string>BF0CAF9F11E66FB300FBB82B</string>
			<key>isa</key>
			<string>PBXBuildFile</string>
		</dict>
		<key>BF0CAFA711E66FB300FBB82B</key>
		<dict>
			<key>fileRef</key>
			<string>BF0CAF9911E66FB300FBB82B</string>
			<key>isa</key>
			<string>PBXBuildFile</string>
		</dict>
		<key>BF0CAFA811E66FB300FBB82B</key>
		<dict>
			<key>fileRef</key>
			<string>BF0CAF9A11E66FB300FBB82B</string>
			<key>isa</key>
			<string>PBXBuildFile</string>
		</dict>
		<key>BF0CAFA911E66FB300FBB82B</key>
		<dict>
			<key>fileRef</key>
			<string>BF0CAF9B11E66FB300FBB82B</string>
			<key>isa</key>
			<string>PBXBuildFile</string>
		</dict>
		<key>BF0CAFAA11E66FB300FBB82B</key>
		<dict>
			<key>fileRef</key>
			<string>BF0CAF9C11E66FB300FBB82B</string>
			<key>isa</key>
			<string>PBXBuildFile</string>
		</dict>
		<key>BF0CAFAB11E66FB300FBB82B</key>
		<dict>
			<key>fileRef</key>
			<string>BF0CAF9D11E66FB300FBB82B</string>
			<key>isa</key>
			<string>PBXBuildFile</string>
		</dict>
		<key>BF0CAFAC11E66FB300FBB82B</key>
		<dict>
			<key>fileRef</key>
			<string>BF0CAF9E11E66FB300FBB82B</string>
			<key>isa</key>
			<string>PBXBuildFile</string>
		</dict>
		<key>BF0CAFAD11E66FB300FBB82B</key>
		<dict>
			<key>fileRef</key>
			<string>BF0CAF9F11E66FB300FBB82B</string>
			<key>isa</key>
			<string>PBXBuildFile</string>
		</dict>
		<key>BF4B931C0F8ABE3600E4CD44</key>
		<dict>
			<key>buildConfigurationList</key>
			<string>BF4B932E0F8ABE3600E4CD44</string>
			<key>buildPhases</key>
			<array>
				<string>BF4B931D0F8ABE3600E4CD44</string>
				<string>BF4B93210F8ABE3600E4CD44</string>
				<string>BF4B93280F8ABE3600E4CD44</string>
				<string>BF4B932D0F8ABE3600E4CD44</string>
			</array>
			<key>buildRules</key>
			<array/>
			<key>dependencies</key>
			<array/>
			<key>isa</key>
			<string>PBXNativeTarget</string>
			<key>name</key>
			<string>GenericKeychain2</string>
			<key>productName</key>
			<string>GenericKeychain</string>
			<key>productReference</key>
			<string>BF4B93310F8ABE3600E4CD44</string>
			<key>productType</key>
			<string>com.apple.product-type.application</string>
		</dict>
		<key>BF4B931D0F8ABE3600E4CD44</key>
		<dict>
			<key>buildActionMask</key>
			<string>2147483647</string>
			<key>files</key>
			<array>
				<string>BF4B933F0F8ABF1B00E4CD44</string>
				<string>BF4B93520F8ABFA900E4CD44</string>
				<string>BF063B0911CC0518009EDACA</string>
				<string>BF0CAFA711E66FB300FBB82B</string>
				<string>BF0CAFA811E66FB300FBB82B</string>
				<string>BF0CAFA911E66FB300FBB82B</string>
				<string>BF0CAFAA11E66FB300FBB82B</string>
				<string>BF0CAFAB11E66FB300FBB82B</string>
				<string>BF0CAFAC11E66FB300FBB82B</string>
				<string>BF0CAFAD11E66FB300FBB82B</string>
			</array>
			<key>isa</key>
			<string>PBXResourcesBuildPhase</string>
			<key>runOnlyForDeploymentPostprocessing</key>
			<string>0</string>
		</dict>
		<key>BF4B93210F8ABE3600E4CD44</key>
		<dict>
			<key>buildActionMask</key>
			<string>2147483647</string>
			<key>files</key>
			<array>
				<string>BF4B93220F8ABE3600E4CD44</string>
				<string>BF4B93230F8ABE3600E4CD44</string>
				<string>BF4B93240F8ABE3600E4CD44</string>
				<string>BF4B93250F8ABE3600E4CD44</string>
				<string>BF4B93270F8ABE3600E4CD44</string>
			</array>
			<key>isa</key>
			<string>PBXSourcesBuildPhase</string>
			<key>runOnlyForDeploymentPostprocessing</key>
			<string>0</string>
		</dict>
		<key>BF4B93220F8ABE3600E4CD44</key>
		<dict>
			<key>fileRef</key>
			<string>29B97316FDCFA39411CA2CEA</string>
			<key>isa</key>
			<string>PBXBuildFile</string>
		</dict>
		<key>BF4B93230F8ABE3600E4CD44</key>
		<dict>
			<key>fileRef</key>
			<string>4AFC08010DC148ED003666A7</string>
			<key>isa</key>
			<string>PBXBuildFile</string>
		</dict>
		<key>BF4B93240F8ABE3600E4CD44</key>
		<dict>
			<key>fileRef</key>
			<string>4AFC08030DC148ED003666A7</string>
			<key>isa</key>
			<string>PBXBuildFile</string>
		</dict>
		<key>BF4B93250F8ABE3600E4CD44</key>
		<dict>
			<key>fileRef</key>
			<string>4A33F3A90DC14C5E00DB5950</string>
			<key>isa</key>
			<string>PBXBuildFile</string>
		</dict>
		<key>BF4B93270F8ABE3600E4CD44</key>
		<dict>
			<key>fileRef</key>
			<string>3076250B0DCF9C26000C2DC4</string>
			<key>isa</key>
			<string>PBXBuildFile</string>
		</dict>
		<key>BF4B93280F8ABE3600E4CD44</key>
		<dict>
			<key>buildActionMask</key>
			<string>2147483647</string>
			<key>files</key>
			<array/>
			<key>isa</key>
			<string>PBXFrameworksBuildPhase</string>
			<key>runOnlyForDeploymentPostprocessing</key>
			<string>0</string>
		</dict>
		<key>BF4B932D0F8ABE3600E4CD44</key>
		<dict>
			<key>buildActionMask</key>
			<string>2147483647</string>
			<key>files</key>
			<array/>
			<key>inputPaths</key>
			<array/>
			<key>isa</key>
			<string>PBXShellScriptBuildPhase</string>
			<key>outputPaths</key>
			<array/>
			<key>runOnlyForDeploymentPostprocessing</key>
			<string>0</string>
			<key>shellPath</key>
			<string>/bin/sh</string>
			<key>shellScript</key>
			<string></string>
		</dict>
		<key>BF4B932E0F8ABE3600E4CD44</key>
		<dict>
			<key>buildConfigurations</key>
			<array>
				<string>BF4B932F0F8ABE3600E4CD44</string>
				<string>BF4B93300F8ABE3600E4CD44</string>
			</array>
			<key>defaultConfigurationIsVisible</key>
			<string>0</string>
			<key>defaultConfigurationName</key>
			<string>Release</string>
			<key>isa</key>
			<string>XCConfigurationList</string>
		</dict>
		<key>BF4B932F0F8ABE3600E4CD44</key>
		<dict>
			<key>buildSettings</key>
			<dict>
				<key>CODE_SIGN_ENTITLEMENTS</key>
				<string>KeychainAccessGroups2.plist</string>
				<key>COPY_PHASE_STRIP</key>
				<string>NO</string>
				<key>GCC_DYNAMIC_NO_PIC</key>
				<string>NO</string>
				<key>GCC_OPTIMIZATION_LEVEL</key>
				<string>0</string>
				<key>GCC_PRECOMPILE_PREFIX_HEADER</key>
				<string>YES</string>
				<key>GCC_PREFIX_HEADER</key>
				<string>SupportFiles/GenericKeychain_Prefix.pch</string>
				<key>INFOPLIST_FILE</key>
				<string>SupportFiles/Info2.plist</string>
				<key>PRODUCT_BUNDLE_IDENTIFIER</key>
				<string>com.yourcompany.${PRODUCT_NAME:identifier}</string>
				<key>PRODUCT_NAME</key>
				<string>GenericKeychain2</string>
			</dict>
			<key>isa</key>
			<string>XCBuildConfiguration</string>
			<key>name</key>
			<string>Debug</string>
		</dict>
		<key>BF4B93300F8ABE3600E4CD44</key>
		<dict>
			<key>buildSettings</key>
			<dict>
				<key>CODE_SIGN_ENTITLEMENTS</key>
				<string>KeychainAccessGroups2.plist</string>
				<key>COPY_PHASE_STRIP</key>
				<string>YES</string>
				<key>GCC_PRECOMPILE_PREFIX_HEADER</key>
				<string>YES</string>
				<key>GCC_PREFIX_HEADER</key>
				<string>SupportFiles/GenericKeychain_Prefix.pch</string>
				<key>INFOPLIST_FILE</key>
				<string>SupportFiles/Info2.plist</string>
				<key>PRODUCT_BUNDLE_IDENTIFIER</key>
				<string>com.yourcompany.${PRODUCT_NAME:identifier}</string>
				<key>PRODUCT_NAME</key>
				<string>GenericKeychain2</string>
			</dict>
			<key>isa</key>
			<string>XCBuildConfiguration</string>
			<key>name</key>
			<string>Release</string>
		</dict>
		<key>BF4B93310F8ABE3600E4CD44</key>
		<dict>
			<key>explicitFileType</key>
			<string>wrapper.application</string>
			<key>includeInIndex</key>
			<string>0</string>
			<key>isa</key>
			<string>PBXFileReference</string>
			<key>path</key>
			<string>GenericKeychain2.app</string>
			<key>sourceTree</key>
			<string>BUILT_PRODUCTS_DIR</string>
		</dict>
		<key>BF4B93380F8ABEB300E4CD44</key>
		<dict>
			<key>fileEncoding</key>
			<string>4</string>
			<key>isa</key>
			<string>PBXFileReference</string>
			<key>lastKnownFileType</key>
			<string>text.plist.xml</string>
			<key>path</key>
			<string>KeychainAccessGroups2.plist</string>
			<key>sourceTree</key>
			<string>&lt;group&gt;</string>
		</dict>
		<key>BF4B933B0F8ABF1500E4CD44</key>
		<dict>
			<key>children</key>
			<array>
				<string>BF4B934D0F8ABF4A00E4CD44</string>
			</array>
			<key>isa</key>
			<string>PBXVariantGroup</string>
			<key>name</key>
			<string>Localizable.strings</string>
			<key>path</key>
			<string>.</string>
			<key>sourceTree</key>
			<string>&lt;group&gt;</string>
		</dict>
		<key>BF4B933E0F8ABF1B00E4CD44</key>
		<dict>
			<key>fileRef</key>
			<string>BF4B933B0F8ABF1500E4CD44</string>
			<key>isa</key>
			<string>PBXBuildFile</string>
		</dict>
		<key>BF4B933F0F8ABF1B00E4CD44</key>
		<dict>
			<key>fileRef</key>
			<string>BF4B933B0F8ABF1500E4CD44</string>
			<key>isa</key>
			<string>PBXBuildFile</string>
		</dict>
		<key>BF4B934D0F8ABF4A00E4CD44</key>
		<dict>
			<key>isa</key>
			<string>PBXFileReference</string>
			<key>lastKnownFileType</key>
			<string>text.plist.strings</string>
			<key>name</key>
			<string>en</string>
			<key>path</key>
			<string>en.lproj/Localizable.strings</string>
			<key>sourceTree</key>
			<string>&lt;group&gt;</string>
		</dict>
		<key>BF4B93500F8ABFA900E4CD44</key>
		<dict>
			<key>children</key>
			<array>
				<string>BF4B93510F8ABFA900E4CD44</string>
			</array>
			<key>isa</key>
			<string>PBXVariantGroup</string>
			<key>name</key>
			<string>MainWindow2.xib</string>
			<key>path</key>
			<string>.</string>
			<key>sourceTree</key>
			<string>&lt;group&gt;</string>
		</dict>
		<key>BF4B93510F8ABFA900E4CD44</key>
		<dict>
			<key>isa</key>
			<string>PBXFileReference</string>
			<key>lastKnownFileType</key>
			<string>file.xib</string>
			<key>name</key>
			<string>en</string>
			<key>path</key>
			<string>en.lproj/MainWindow2.xib</string>
			<key>sourceTree</key>
			<string>&lt;group&gt;</string>
		</dict>
		<key>BF4B93520F8ABFA900E4CD44</key>
		<dict>
			<key>fileRef</key>
			<string>BF4B93500F8ABFA900E4CD44</string>
			<key>isa</key>
			<string>PBXBuildFile</string>
		</dict>
		<key>BF4B93640F8AC0D900E4CD44</key>
		<dict>
			<key>fileEncoding</key>
			<string>4</string>
			<key>isa</key>
			<string>PBXFileReference</string>
			<key>lastKnownFileType</key>
			<string>text.plist.xml</string>
			<key>path</key>
			<string>Info2.plist</string>
			<key>sourceTree</key>
			<string>&lt;group&gt;</string>
		</dict>
		<key>BFC6BB2F0F8A8D3A00710EDC</key>
		<dict>
			<key>fileEncoding</key>
			<string>4</string>
			<key>isa</key>
			<string>PBXFileReference</string>
			<key>lastKnownFileType</key>
			<string>text.plist.xml</string>
			<key>path</key>
			<string>KeychainAccessGroups.plist</string>
			<key>sourceTree</key>
			<string>&lt;group&gt;</string>
		</dict>
		<key>C01FCF4E08A954540054247B</key>
		<dict>
			<key>buildConfigurations</key>
			<array>
				<string>C01FCF4F08A954540054247B</string>
				<string>C01FCF5008A954540054247B</string>
			</array>
			<key>defaultConfigurationIsVisible</key>
			<string>0</string>
			<key>defaultConfigurationName</key>
			<string>Release</string>
			<key>isa</key>
			<string>XCConfigurationList</string>
		</dict>
		<key>C01FCF4F08A954540054247B</key>
		<dict>
			<key>buildSettings</key>
			<dict>
				<key>ALWAYS_SEARCH_USER_PATHS</key>
				<string>NO</string>
				<key>CLANG_ALLOW_NON_MODULAR_INCLUDES_IN_FRAMEWORK_MODULES</key>
				<string>YES</string>
				<key>CLANG_ANALYZER_SECURITY_FLOATLOOPCOUNTER</key>
				<string>YES</string>
				<key>CLANG_ANALYZER_SECURITY_INSECUREAPI_RAND</key>
				<string>YES</string>
				<key>CLANG_ANALYZER_SECURITY_INSECUREAPI_STRCPY</key>
				<string>YES</string>
				<key>CLANG_ENABLE_MODULES</key>
				<string>YES</string>
				<key>CLANG_ENABLE_OBJC_ARC</key>
				<string>YES</string>
				<key>CLANG_WARN_ASSIGN_ENUM</key>
				<string>YES</string>
				<key>CLANG_WARN_CXX0X_EXTENSIONS</key>
				<string>YES</string>
				<key>CLANG_WARN_DEPRECATED_OBJC_IMPLEMENTATIONS</key>
				<string>YES</string>
				<key>CLANG_WARN_DOCUMENTATION_COMMENTS</key>
				<string>YES</string>
				<key>CLANG_WARN_EMPTY_BODY</key>
				<string>YES</string>
				<key>CLANG_WARN_IMPLICIT_SIGN_CONVERSION</key>
				<string>YES</string>
				<key>CLANG_WARN_OBJC_EXPLICIT_OWNERSHIP_TYPE</key>
				<string>YES</string>
				<key>CLANG_WARN_OBJC_IMPLICIT_ATOMIC_PROPERTIES</key>
				<string>YES</string>
				<key>CLANG_WARN_OBJC_IMPLICIT_RETAIN_SELF</key>
				<string>YES</string>
				<key>CLANG_WARN_OBJC_RECEIVER_WEAK</key>
				<string>YES</string>
				<key>CLANG_WARN_OBJC_REPEATED_USE_OF_WEAK</key>
				<string>YES</string>
				<key>CLANG_WARN_SUSPICIOUS_IMPLICIT_CONVERSION</key>
				<string>YES</string>
				<key>CLANG_WARN_UNREACHABLE_CODE</key>
				<string>YES</string>
				<key>CLANG_WARN__DUPLICATE_METHOD_MATCH</key>
				<string>YES</string>
				<key>CLANG_WARN__EXIT_TIME_DESTRUCTORS</key>
				<string>YES</string>
				<key>CODE_SIGN_IDENTITY[sdk=iphoneos*]</key>
				<string>iPhone Developer</string>
				<key>ENABLE_STRICT_OBJC_MSGSEND</key>
				<string>YES</string>
				<key>ENABLE_TESTABILITY</key>
				<string>YES</string>
				<key>GCC_C_LANGUAGE_STANDARD</key>
				<string>c99</string>
				<key>GCC_TREAT_IMPLICIT_FUNCTION_DECLARATIONS_AS_ERRORS</key>
				<string>YES</string>
				<key>GCC_TREAT_INCOMPATIBLE_POINTER_TYPE_WARNINGS_AS_ERRORS</key>
				<string>YES</string>
				<key>GCC_TREAT_WARNINGS_AS_ERRORS</key>
				<string>YES</string>
				<key>GCC_WARN_ABOUT_MISSING_FIELD_INITIALIZERS</key>
				<string>YES</string>
				<key>GCC_WARN_ABOUT_MISSING_NEWLINE</key>
				<string>YES</string>
				<key>GCC_WARN_ABOUT_MISSING_PROTOTYPES</key>
				<string>YES</string>
				<key>GCC_WARN_ABOUT_RETURN_TYPE</key>
				<string>YES</string>
				<key>GCC_WARN_FOUR_CHARACTER_CONSTANTS</key>
				<string>YES</string>
				<key>GCC_WARN_HIDDEN_VIRTUAL_FUNCTIONS</key>
				<string>YES</string>
				<key>GCC_WARN_INITIALIZER_NOT_FULLY_BRACKETED</key>
				<string>YES</string>
				<key>GCC_WARN_MULTIPLE_DEFINITION_TYPES_FOR_SELECTOR</key>
				<string>YES</string>
				<key>GCC_WARN_NON_VIRTUAL_DESTRUCTOR</key>
				<string>YES</string>
				<key>GCC_WARN_PEDANTIC</key>
				<string>YES</string>
				<key>GCC_WARN_SHADOW</key>
				<string>YES</string>
				<key>GCC_WARN_SIGN_COMPARE</key>
				<string>YES</string>
				<key>GCC_WARN_STRICT_SELECTOR_MATCH</key>
				<string>YES</string>
				<key>GCC_WARN_UNDECLARED_SELECTOR</key>
				<string>YES</string>
				<key>GCC_WARN_UNINITIALIZED_AUTOS</key>
				<string>YES_AGGRESSIVE</string>
				<key>GCC_WARN_UNKNOWN_PRAGMAS</key>
				<string>YES</string>
				<key>GCC_WARN_UNUSED_FUNCTION</key>
				<string>YES</string>
				<key>GCC_WARN_UNUSED_LABEL</key>
				<string>YES</string>
				<key>GCC_WARN_UNUSED_PARAMETER</key>
				<string>YES</string>
				<key>GCC_WARN_UNUSED_VARIABLE</key>
				<string>YES</string>
				<key>IPHONEOS_DEPLOYMENT_TARGET</key>
				<string>3.2</string>
				<key>ONLY_ACTIVE_ARCH</key>
				<string>YES</string>
				<key>PREBINDING</key>
				<string>NO</string>
				<key>SDKROOT</key>
				<string>iphoneos</string>
			</dict>
			<key>isa</key>
			<string>XCBuildConfiguration</string>
			<key>name</key>
			<string>Debug</string>
		</dict>
		<key>C01FCF5008A954540054247B</key>
		<dict>
			<key>buildSettings</key>
			<dict>
				<key>ALWAYS_SEARCH_USER_PATHS</key>
				<string>NO</string>
				<key>CLANG_ALLOW_NON_MODULAR_INCLUDES_IN_FRAMEWORK_MODULES</key>
				<string>YES</string>
				<key>CLANG_ANALYZER_SECURITY_FLOATLOOPCOUNTER</key>
				<string>YES</string>
				<key>CLANG_ANALYZER_SECURITY_INSECUREAPI_RAND</key>
				<string>YES</string>
				<key>CLANG_ANALYZER_SECURITY_INSECUREAPI_STRCPY</key>
				<string>YES</string>
				<key>CLANG_ENABLE_MODULES</key>
				<string>YES</string>
				<key>CLANG_ENABLE_OBJC_ARC</key>
				<string>YES</string>
				<key>CLANG_WARN_ASSIGN_ENUM</key>
				<string>YES</string>
				<key>CLANG_WARN_CXX0X_EXTENSIONS</key>
				<string>YES</string>
				<key>CLANG_WARN_DEPRECATED_OBJC_IMPLEMENTATIONS</key>
				<string>YES</string>
				<key>CLANG_WARN_DOCUMENTATION_COMMENTS</key>
				<string>YES</string>
				<key>CLANG_WARN_EMPTY_BODY</key>
				<string>YES</string>
				<key>CLANG_WARN_IMPLICIT_SIGN_CONVERSION</key>
				<string>YES</string>
				<key>CLANG_WARN_OBJC_EXPLICIT_OWNERSHIP_TYPE</key>
				<string>YES</string>
				<key>CLANG_WARN_OBJC_IMPLICIT_ATOMIC_PROPERTIES</key>
				<string>YES</string>
				<key>CLANG_WARN_OBJC_IMPLICIT_RETAIN_SELF</key>
				<string>YES</string>
				<key>CLANG_WARN_OBJC_RECEIVER_WEAK</key>
				<string>YES</string>
				<key>CLANG_WARN_OBJC_REPEATED_USE_OF_WEAK</key>
				<string>YES</string>
				<key>CLANG_WARN_SUSPICIOUS_IMPLICIT_CONVERSION</key>
				<string>YES</string>
				<key>CLANG_WARN_UNREACHABLE_CODE</key>
				<string>YES</string>
				<key>CLANG_WARN__DUPLICATE_METHOD_MATCH</key>
				<string>YES</string>
				<key>CLANG_WARN__EXIT_TIME_DESTRUCTORS</key>
				<string>YES</string>
				<key>CODE_SIGN_IDENTITY[sdk=iphoneos*]</key>
				<string>iPhone Developer</string>
				<key>ENABLE_STRICT_OBJC_MSGSEND</key>
				<string>YES</string>
				<key>GCC_C_LANGUAGE_STANDARD</key>
				<string>c99</string>
				<key>GCC_TREAT_IMPLICIT_FUNCTION_DECLARATIONS_AS_ERRORS</key>
				<string>YES</string>
				<key>GCC_TREAT_INCOMPATIBLE_POINTER_TYPE_WARNINGS_AS_ERRORS</key>
				<string>YES</string>
				<key>GCC_TREAT_WARNINGS_AS_ERRORS</key>
				<string>YES</string>
				<key>GCC_WARN_ABOUT_MISSING_FIELD_INITIALIZERS</key>
				<string>YES</string>
				<key>GCC_WARN_ABOUT_MISSING_NEWLINE</key>
				<string>YES</string>
				<key>GCC_WARN_ABOUT_MISSING_PROTOTYPES</key>
				<string>YES</string>
				<key>GCC_WARN_ABOUT_RETURN_TYPE</key>
				<string>YES</string>
				<key>GCC_WARN_FOUR_CHARACTER_CONSTANTS</key>
				<string>YES</string>
				<key>GCC_WARN_HIDDEN_VIRTUAL_FUNCTIONS</key>
				<string>YES</string>
				<key>GCC_WARN_INITIALIZER_NOT_FULLY_BRACKETED</key>
				<string>YES</string>
				<key>GCC_WARN_MULTIPLE_DEFINITION_TYPES_FOR_SELECTOR</key>
				<string>YES</string>
				<key>GCC_WARN_NON_VIRTUAL_DESTRUCTOR</key>
				<string>YES</string>
				<key>GCC_WARN_PEDANTIC</key>
				<string>YES</string>
				<key>GCC_WARN_SHADOW</key>
				<string>YES</string>
				<key>GCC_WARN_SIGN_COMPARE</key>
				<string>YES</string>
				<key>GCC_WARN_STRICT_SELECTOR_MATCH</key>
				<string>YES</string>
				<key>GCC_WARN_UNDECLARED_SELECTOR</key>
				<string>YES</string>
				<key>GCC_WARN_UNINITIALIZED_AUTOS</key>
				<string>YES_AGGRESSIVE</string>
				<key>GCC_WARN_UNKNOWN_PRAGMAS</key>
				<string>YES</string>
				<key>GCC_WARN_UNUSED_FUNCTION</key>
				<string>YES</string>
				<key>GCC_WARN_UNUSED_LABEL</key>
				<string>YES</string>
				<key>GCC_WARN_UNUSED_PARAMETER</key>
				<string>YES</string>
				<key>GCC_WARN_UNUSED_VARIABLE</key>
				<string>YES</string>
				<key>IPHONEOS_DEPLOYMENT_TARGET</key>
				<string>3.2</string>
				<key>PREBINDING</key>
				<string>NO</string>
				<key>SDKROOT</key>
				<string>iphoneos</string>
			</dict>
			<key>isa</key>
			<string>XCBuildConfiguration</string>
			<key>name</key>
			<string>Release</string>
		</dict>
	</dict>
	<key>rootObject</key>
	<string>29B97313FDCFA39411CA2CEA</string>
</dict>
</plist>
